
Microsoft Visual Studio Solution File, Format Version 12.00
# Visual Studio Version 16
VisualStudioVersion = 16.0.30204.135
MinimumVisualStudioVersion = 10.0.40219.1
Project("{FAE04EC0-301F-11D3-BF4B-00C04F79EFBC}") = "WPFProject", "WPFProject\WPFProject.csproj", "{291A86B0-C930-4E07-831A-9D8081603EEB}"
EndProject
Project("{FAE04EC0-301F-11D3-BF4B-00C04F79EFBC}") = "ConsoleApp1", "ConsoleApp1\ConsoleApp1.csproj", "{7C2166BE-CBEF-4F31-9A6B-28331AC40058}"
EndProject
Global
	GlobalSection(SolutionConfigurationPlatforms) = preSolution
		Debug|Any CPU = Debug|Any CPU
		Release|Any CPU = Release|Any CPU
	EndGlobalSection
	GlobalSection(ProjectConfigurationPlatforms) = postSolution
		{291A86B0-C930-4E07-831A-9D8081603EEB}.Debug|Any CPU.ActiveCfg = Debug|Any CPU
		{291A86B0-C930-4E07-831A-9D8081603EEB}.Debug|Any CPU.Build.0 = Debug|Any CPU
		{291A86B0-C930-4E07-831A-9D8081603EEB}.Release|Any CPU.ActiveCfg = Release|Any CPU
		{291A86B0-C930-4E07-831A-9D8081603EEB}.Release|Any CPU.Build.0 = Release|Any CPU
		{7C2166BE-CBEF-4F31-9A6B-28331AC40058}.Debug|Any CPU.ActiveCfg = Debug|Any CPU
		{7C2166BE-CBEF-4F31-9A6B-28331AC40058}.Debug|Any CPU.Build.0 = Debug|Any CPU
		{7C2166BE-CBEF-4F31-9A6B-28331AC40058}.Release|Any CPU.ActiveCfg = Release|Any CPU
		{7C2166BE-CBEF-4F31-9A6B-28331AC40058}.Release|Any CPU.Build.0 = Release|Any CPU
	EndGlobalSection
	GlobalSection(SolutionProperties) = preSolution
		HideSolutionNode = FALSE
	EndGlobalSection
	GlobalSection(ExtensibilityGlobals) = postSolution
		SolutionGuid = {0FA4C639-EB0B-4130-9F8B-92D374B818D5}
	EndGlobalSection
EndGlobal
